
Microsoft Visual Studio Solution File, Format Version 12.00
# Visual Studio Version 17
VisualStudioVersion = 17.3.32901.215
MinimumVisualStudioVersion = 10.0.40219.1
Project("{FAE04EC0-301F-11D3-BF4B-00C04F79EFBC}") = "MoviesInfo", "MoviesInfo\MoviesInfo.csproj", "{410CC064-32CF-4135-B8CA-BD6724D5186D}"
EndProject
Global
	GlobalSection(SolutionConfigurationPlatforms) = preSolution
		Debug|Any CPU = Debug|Any CPU
		Release|Any CPU = Release|Any CPU
	EndGlobalSection
	GlobalSection(ProjectConfigurationPlatforms) = postSolution
		{410CC064-32CF-4135-B8CA-BD6724D5186D}.Debug|Any CPU.ActiveCfg = Debug|Any CPU
		{410CC064-32CF-4135-B8CA-BD6724D5186D}.Debug|Any CPU.Build.0 = Debug|Any CPU
		{410CC064-32CF-4135-B8CA-BD6724D5186D}.Release|Any CPU.ActiveCfg = Release|Any CPU
		{410CC064-32CF-4135-B8CA-BD6724D5186D}.Release|Any CPU.Build.0 = Release|Any CPU
	EndGlobalSection
	GlobalSection(SolutionProperties) = preSolution
		HideSolutionNode = FALSE
	EndGlobalSection
	GlobalSection(ExtensibilityGlobals) = postSolution
		SolutionGuid = {98942812-1484-4191-8185-2BDDA6329E4F}
	EndGlobalSection
EndGlobal
